{
  "name": "ts",
  "version": "1.0.0",
  "lockfileVersion": 3,
  "requires": true,
  "packages": {
    "": {
      "name": "ts",
      "version": "1.0.0",
      "license": "MIT",
      "devDependencies": {
        "@tsconfig/node-ts": "^23.6.1",
        "@tsconfig/node23": "^23.0.1",
        "@types/node": "^22.13.17"
      }
    },
    "node_modules/@tsconfig/node-ts": {
      "version": "23.6.1",
      "resolved": "https://registry.npmjs.org/@tsconfig/node-ts/-/node-ts-23.6.1.tgz",
      "integrity": "sha512-1E5cUp+S65pLKKI9VrGMQPWDHxOEq3dAGM2onG3fLeSRwWbylYFwhIjnzJikjSN7w2nCgwxmv8ifvUKDFkK38Q==",
      "dev": true,
      "license": "MIT"
    },
    "node_modules/@tsconfig/node23": {
      "version": "23.0.1",
      "resolved": "https://registry.npmjs.org/@tsconfig/node23/-/node23-23.0.1.tgz",
      "integrity": "sha512-oJ0Y42TmsBLuLAfEbPTS5JXSbJJEEU4bULROS6zsL54Gdlw5aOy27rpsquotMKGf2auP6rkbfYsjl43WdGrNcg==",
      "dev": true,
      "license": "MIT"
    },
    "node_modules/@types/node": {
      "version": "22.13.17",
      "resolved": "https://registry.npmjs.org/@types/node/-/node-22.13.17.tgz",
      "integrity": "sha512-nAJuQXoyPj04uLgu+obZcSmsfOenUg6DxPKogeUy6yNCFwWaj5sBF8/G/pNo8EtBJjAfSVgfIlugR/BCOleO+g==",
      "dev": true,
      "license": "MIT",
      "dependencies": {
        "undici-types": "~6.20.0"
      }
    },
    "node_modules/undici-types": {
      "version": "6.20.0",
      "resolved": "https://registry.npmjs.org/undici-types/-/undici-types-6.20.0.tgz",
      "integrity": "sha512-Ny6QZ2Nju20vw1SRHe3d9jVu6gJ+4e3+MMpqu7pqE5HT6WsTSlce++GQmK5UXS8mzV8DSYHrQH+Xrf2jVcuKNg==",
      "dev": true,
      "license": "MIT"
    }
  }
}
