{
  "name": "arktype",
  "version": "1.0.0",
  "lockfileVersion": 3,
  "requires": true,
  "packages": {
    "": {
      "name": "arktype",
      "version": "1.0.0",
      "license": "ISC",
      "dependencies": {
        "arktype": "^2.1.19"
      },
      "devDependencies": {
        "@tsconfig/node-ts": "^23.6.1",
        "@tsconfig/node23": "^23.0.1",
        "@types/node": "^22.13.17"
      }
    },
    "node_modules/@ark/schema": {
      "version": "0.45.9",
      "resolved": "https://registry.npmjs.org/@ark/schema/-/schema-0.45.9.tgz",
      "integrity": "sha512-rG0v/JI0sibn/0wERAHTYVLCtEqoMP2IIlxnb+S5DrEjCI5wpubbZSWMDW50tZ8tV6FANu6zzHDeeKbp6lsZdg==",
      "license": "MIT",
      "dependencies": {
        "@ark/util": "0.45.9"
      }
    },
    "node_modules/@ark/util": {
      "version": "0.45.9",
      "resolved": "https://registry.npmjs.org/@ark/util/-/util-0.45.9.tgz",
      "integrity": "sha512-0WYNAb8aRGp7dNt6xIvIrRzL7V1XL3u3PK2vcklhtTrdaP235DjC9qJhzidrxtWr68mA5ySSjUrgrXk622bKkw==",
      "license": "MIT"
    },
    "node_modules/@tsconfig/node-ts": {
      "version": "23.6.1",
      "resolved": "https://registry.npmjs.org/@tsconfig/node-ts/-/node-ts-23.6.1.tgz",
      "integrity": "sha512-1E5cUp+S65pLKKI9VrGMQPWDHxOEq3dAGM2onG3fLeSRwWbylYFwhIjnzJikjSN7w2nCgwxmv8ifvUKDFkK38Q==",
      "dev": true,
      "license": "MIT"
    },
    "node_modules/@tsconfig/node23": {
      "version": "23.0.1",
      "resolved": "https://registry.npmjs.org/@tsconfig/node23/-/node23-23.0.1.tgz",
      "integrity": "sha512-oJ0Y42TmsBLuLAfEbPTS5JXSbJJEEU4bULROS6zsL54Gdlw5aOy27rpsquotMKGf2auP6rkbfYsjl43WdGrNcg==",
      "dev": true,
      "license": "MIT"
    },
    "node_modules/@types/node": {
      "version": "22.14.0",
      "resolved": "https://registry.npmjs.org/@types/node/-/node-22.14.0.tgz",
      "integrity": "sha512-Kmpl+z84ILoG+3T/zQFyAJsU6EPTmOCj8/2+83fSN6djd6I4o7uOuGIH6vq3PrjY5BGitSbFuMN18j3iknubbA==",
      "dev": true,
      "license": "MIT",
      "dependencies": {
        "undici-types": "~6.21.0"
      }
    },
    "node_modules/arktype": {
      "version": "2.1.19",
      "resolved": "https://registry.npmjs.org/arktype/-/arktype-2.1.19.tgz",
      "integrity": "sha512-notORSuTSpfLV7rq0kYC4mTgIVlVR0xQuvtFxOaE9aKiXyON/kgoIBwZZcKeSSb4BebNcfJoGlxJicAUl/HMdw==",
      "license": "MIT",
      "dependencies": {
        "@ark/schema": "0.45.9",
        "@ark/util": "0.45.9"
      }
    },
    "node_modules/undici-types": {
      "version": "6.21.0",
      "resolved": "https://registry.npmjs.org/undici-types/-/undici-types-6.21.0.tgz",
      "integrity": "sha512-iwDZqg0QAGrg9Rav5H4n0M64c3mkR59cJ6wQp+7C4nI0gsmExaedaYLNO44eT4AtBBwjbTiGPMlt2Md0T9H9JQ==",
      "dev": true,
      "license": "MIT"
    }
  }
}
